# THIS IS AN AUTOGENERATED FILE. DO NOT EDIT THIS FILE DIRECTLY.
# yarn lockfile v1


"@types/gsap@^3.0.0":
  version "3.0.0"
  resolved "https://registry.yarnpkg.com/@types/gsap/-/gsap-3.0.0.tgz#28dc350ad89b6d19b13c8edbdf1dd74e8ee5c84f"
  integrity sha512-BbWLi4WRHGze4C8NV7U7yRevuBFiPkPZZyGa0rryanvh/9HPUFXTNBXsGQxJZJq7Ix7j4RXMYodP3s+OsqCErg==
  dependencies:
    gsap "*"

"@types/howler@^2.2.7":
  version "2.2.7"
  resolved "https://registry.yarnpkg.com/@types/howler/-/howler-2.2.7.tgz#5acfbed57f9e1d99b8dabe1b824729e1c1ea1fae"
  integrity sha512-PEZldwZqJJw1PWRTpupyC7ajVTZA8aHd8nB/Y0n6zRZi5u8ktYDntsHj13ltEiBRqWwF06pASxBEvCTxniG8eA==

"@types/jquery@^3.5.14":
  version "3.5.14"
  resolved "https://registry.yarnpkg.com/@types/jquery/-/jquery-3.5.14.tgz#ac8e11ee591e94d4d58da602cb3a5a8320dee577"
  integrity sha512-X1gtMRMbziVQkErhTQmSe2jFwwENA/Zr+PprCkF63vFq+Yt5PZ4AlKqgmeNlwgn7dhsXEK888eIW2520EpC+xg==
  dependencies:
    "@types/sizzle" "*"

"@types/sizzle@*":
  version "2.3.3"
  resolved "https://registry.yarnpkg.com/@types/sizzle/-/sizzle-2.3.3.tgz#ff5e2f1902969d305225a047c8a0fd5c915cebef"
  integrity sha512-JYM8x9EGF163bEyhdJBpR2QX1R5naCJHC8ucJylJ3w9/CVBaskdQ8WqBf8MmQrd1kRvp/a4TS8HJ+bxzR7ZJYQ==

"@types/twemoji@^13.1.2":
  version "13.1.2"
  resolved "https://registry.yarnpkg.com/@types/twemoji/-/twemoji-13.1.2.tgz#5d06e4093479254b43abf84ec56ee5c623161f88"
  integrity sha512-vPNsrN08aRI2Gmdo+Ds3zZXzUk6igp1Hg+JPCeHavpiUGfgth/tGiHLQxfSrKzPXeRC0zbLs8WaUZSYxRWPbNg==
  dependencies:
    twemoji "*"

fs-extra@^8.0.1:
  version "8.1.0"
  resolved "https://registry.yarnpkg.com/fs-extra/-/fs-extra-8.1.0.tgz#49d43c45a88cd9677668cb7be1b46efdb8d2e1c0"
  integrity sha512-yhlQgA6mnOJUKOsRUFsgJdQCvkKhcz8tlZG5HBQfReYZy46OwLcY+Zia0mtdHsOo9y/hP+CxMN0TU9QxoOtG4g==
  dependencies:
    graceful-fs "^4.2.0"
    jsonfile "^4.0.0"
    universalify "^0.1.0"

graceful-fs@^4.1.6, graceful-fs@^4.2.0:
  version "4.2.10"
  resolved "https://registry.yarnpkg.com/graceful-fs/-/graceful-fs-4.2.10.tgz#147d3a006da4ca3ce14728c7aefc287c367d7a6c"
  integrity sha512-9ByhssR2fPVsNZj478qUUbKfmL0+t5BDVyjShtyZZLiK7ZDAArFFfopyOTj0M05wE2tJPisA4iTnnXl2YoPvOA==

gsap@*:
  version "3.11.3"
  resolved "https://registry.yarnpkg.com/gsap/-/gsap-3.11.3.tgz#ca5be827f56fe8d5720e08343390f74fb89a05f3"
  integrity sha512-xc/iIJy+LWiMbRa4IdMtdnnKa/7PXEK6NNzV71gdOYUVeTZN7UWnLU0fB7Hi1iwiz4ZZoYkBZPPYGg+2+zzFHA==

jsonfile@^4.0.0:
  version "4.0.0"
  resolved "https://registry.yarnpkg.com/jsonfile/-/jsonfile-4.0.0.tgz#8771aae0799b64076b76640fca058f9c10e33ecb"
  integrity sha512-m6F1R3z8jjlf2imQHS2Qez5sjKWQzbuuhuJ/FKYFRZvPE3PuHcSMVZzfsLhGVOkfd20obL5SWEBew5ShlquNxg==
  optionalDependencies:
    graceful-fs "^4.1.6"

jsonfile@^5.0.0:
  version "5.0.0"
  resolved "https://registry.yarnpkg.com/jsonfile/-/jsonfile-5.0.0.tgz#e6b718f73da420d612823996fdf14a03f6ff6922"
  integrity sha512-NQRZ5CRo74MhMMC3/3r5g2k4fjodJ/wh8MxjFbCViWKFjxrnudWSY5vomh+23ZaXzAS7J3fBZIR2dV6WbmfM0w==
  dependencies:
    universalify "^0.1.2"
  optionalDependencies:
    graceful-fs "^4.1.6"

twemoji-parser@14.0.0:
  version "14.0.0"
  resolved "https://registry.yarnpkg.com/twemoji-parser/-/twemoji-parser-14.0.0.tgz#13dabcb6d3a261d9efbf58a1666b182033bf2b62"
  integrity sha512-9DUOTGLOWs0pFWnh1p6NF+C3CkQ96PWmEFwhOVmT3WbecRC+68AIqpsnJXygfkFcp4aXbOp8Dwbhh/HQgvoRxA==

twemoji@*:
  version "14.0.2"
  resolved "https://registry.yarnpkg.com/twemoji/-/twemoji-14.0.2.tgz#c53adb01dab22bf4870f648ca8cc347ce99ee37e"
  integrity sha512-BzOoXIe1QVdmsUmZ54xbEH+8AgtOKUiG53zO5vVP2iUu6h5u9lN15NcuS6te4OY96qx0H7JK9vjjl9WQbkTRuA==
  dependencies:
    fs-extra "^8.0.1"
    jsonfile "^5.0.0"
    twemoji-parser "14.0.0"
    universalify "^0.1.2"

universalify@^0.1.0, universalify@^0.1.2:
  version "0.1.2"
  resolved "https://registry.yarnpkg.com/universalify/-/universalify-0.1.2.tgz#b646f69be3942dabcecc9d6639c80dc105efaa66"
  integrity sha512-rBJeI5CXAlmy1pV+617WB9J63U6XcazHHF2f2dbJix4XzpUF0RS3Zbj0FGIOCAva5P/d/GBOYaACQ1w+0azUkg==
